
Microsoft Visual Studio Solution File, Format Version 12.00
# Visual Studio Version 17
VisualStudioVersion = 17.8.34511.84
MinimumVisualStudioVersion = 10.0.40219.1

Project("{FAE04EC0-301F-11D3-BF4B-00C04F79EFBC}") = "Tek.Contract", "lib\Tek.Contract\Tek.Contract.csproj", "{6A97C17C-D0A5-4EFF-A180-8219ED1D421B}"
EndProject

Project("{9A19103F-16F7-4668-BE54-9A1E7A4F7556}") = "Tek.Common", "lib\Tek.Common\Tek.Common.csproj", "{D0E299E1-69D9-4EA1-BCAE-5A4F0DB8FBE7}"
EndProject

Project("{9A19103F-16F7-4668-BE54-9A1E7A4F7556}") = "Tek.Common.Test", "test\Tek.Common.Test\Tek.Common.Test.csproj", "{C606E31B-002F-46A5-BF44-DDE41074A926}"
EndProject

Project("{FAE04EC0-301F-11D3-BF4B-00C04F79EFBC}") = "Tek.Toolbox", "lib\Tek.Toolbox\Tek.Toolbox.csproj", "{802F9DD4-518E-4903-B9CA-4D26CDBEDBD9}"
EndProject

Project("{FAE04EC0-301F-11D3-BF4B-00C04F79EFBC}") = "Tek.Toolbox.Test", "test\Tek.Toolbox.Test\Tek.Toolbox.Test.csproj", "{212CBFE2-593D-4EB4-8B5A-43E1AF261B1A}"
EndProject

Project("{FAE04EC0-301F-11D3-BF4B-00C04F79EFBC}") = "Tek.Service", "lib\Tek.Service\Tek.Service.csproj", "{78693DF9-9D07-4364-9A1D-CDBD2A2CF7C0}"
EndProject

Project("{FAE04EC0-301F-11D3-BF4B-00C04F79EFBC}") = "Tek.Terminal", "terminal\Tek.Terminal\Tek.Terminal.csproj", "{52FE122D-F620-402C-80BA-925B44261281}"
EndProject

Project("{FAE04EC0-301F-11D3-BF4B-00C04F79EFBC}") = "Tek.Api", "api\Tek.Api\Tek.Api.csproj", "{43951BF0-7811-4222-A53B-D6EBC0B3CAD2}"
EndProject

Project("{2150E333-8FDC-42A3-9474-1A3956D46DE8}") = "lib", "lib", "{FA0DCA09-3D3D-4102-8516-B82C233465DE}"
EndProject

Project("{2150E333-8FDC-42A3-9474-1A3956D46DE8}") = "terminal", "terminal", "{47A14F3E-7B23-4E1F-9895-07BCCF9C798F}"
EndProject

Project("{2150E333-8FDC-42A3-9474-1A3956D46DE8}") = "api", "api", "{79685BFF-6537-4AD1-A77A-230CAADB7569}"
EndProject

Project("{2150E333-8FDC-42A3-9474-1A3956D46DE8}") = "ui", "ui", "{5EFE4F1E-3BB1-4BB6-8A5E-81B517A5BEE5}"
EndProject

Project("{2150E333-8FDC-42A3-9474-1A3956D46DE8}") = "test", "test", "{4EB9388A-3BE0-410C-8C7B-1AFF51ECD77F}"
EndProject

Global
	GlobalSection(SolutionConfigurationPlatforms) = preSolution
		Debug|Any CPU = Debug|Any CPU
		Release|Any CPU = Release|Any CPU
	EndGlobalSection
	GlobalSection(ProjectConfigurationPlatforms) = postSolution
		{D0E299E1-69D9-4EA1-BCAE-5A4F0DB8FBE7}.Debug|Any CPU.ActiveCfg = Debug|Any CPU
		{D0E299E1-69D9-4EA1-BCAE-5A4F0DB8FBE7}.Debug|Any CPU.Build.0 = Debug|Any CPU
		{D0E299E1-69D9-4EA1-BCAE-5A4F0DB8FBE7}.Release|Any CPU.ActiveCfg = Release|Any CPU
		{D0E299E1-69D9-4EA1-BCAE-5A4F0DB8FBE7}.Release|Any CPU.Build.0 = Release|Any CPU
		{C606E31B-002F-46A5-BF44-DDE41074A926}.Debug|Any CPU.ActiveCfg = Debug|Any CPU
		{C606E31B-002F-46A5-BF44-DDE41074A926}.Debug|Any CPU.Build.0 = Debug|Any CPU
		{C606E31B-002F-46A5-BF44-DDE41074A926}.Release|Any CPU.ActiveCfg = Release|Any CPU
		{C606E31B-002F-46A5-BF44-DDE41074A926}.Release|Any CPU.Build.0 = Release|Any CPU
		{52FE122D-F620-402C-80BA-925B44261281}.Debug|Any CPU.ActiveCfg = Debug|Any CPU
		{52FE122D-F620-402C-80BA-925B44261281}.Debug|Any CPU.Build.0 = Debug|Any CPU
		{52FE122D-F620-402C-80BA-925B44261281}.Release|Any CPU.ActiveCfg = Release|Any CPU
		{52FE122D-F620-402C-80BA-925B44261281}.Release|Any CPU.Build.0 = Release|Any CPU
		{802F9DD4-518E-4903-B9CA-4D26CDBEDBD9}.Debug|Any CPU.ActiveCfg = Debug|Any CPU
		{802F9DD4-518E-4903-B9CA-4D26CDBEDBD9}.Debug|Any CPU.Build.0 = Debug|Any CPU
		{802F9DD4-518E-4903-B9CA-4D26CDBEDBD9}.Release|Any CPU.ActiveCfg = Release|Any CPU
		{802F9DD4-518E-4903-B9CA-4D26CDBEDBD9}.Release|Any CPU.Build.0 = Release|Any CPU
		{212CBFE2-593D-4EB4-8B5A-43E1AF261B1A}.Debug|Any CPU.ActiveCfg = Debug|Any CPU
		{212CBFE2-593D-4EB4-8B5A-43E1AF261B1A}.Debug|Any CPU.Build.0 = Debug|Any CPU
		{212CBFE2-593D-4EB4-8B5A-43E1AF261B1A}.Release|Any CPU.ActiveCfg = Release|Any CPU
		{212CBFE2-593D-4EB4-8B5A-43E1AF261B1A}.Release|Any CPU.Build.0 = Release|Any CPU
		{43951BF0-7811-4222-A53B-D6EBC0B3CAD2}.Debug|Any CPU.ActiveCfg = Debug|Any CPU
		{43951BF0-7811-4222-A53B-D6EBC0B3CAD2}.Debug|Any CPU.Build.0 = Debug|Any CPU
		{43951BF0-7811-4222-A53B-D6EBC0B3CAD2}.Release|Any CPU.ActiveCfg = Release|Any CPU
		{43951BF0-7811-4222-A53B-D6EBC0B3CAD2}.Release|Any CPU.Build.0 = Release|Any CPU
		{6A97C17C-D0A5-4EFF-A180-8219ED1D421B}.Debug|Any CPU.ActiveCfg = Debug|Any CPU
		{6A97C17C-D0A5-4EFF-A180-8219ED1D421B}.Debug|Any CPU.Build.0 = Debug|Any CPU
		{6A97C17C-D0A5-4EFF-A180-8219ED1D421B}.Release|Any CPU.ActiveCfg = Release|Any CPU
		{6A97C17C-D0A5-4EFF-A180-8219ED1D421B}.Release|Any CPU.Build.0 = Release|Any CPU
		{78693DF9-9D07-4364-9A1D-CDBD2A2CF7C0}.Debug|Any CPU.ActiveCfg = Debug|Any CPU
		{78693DF9-9D07-4364-9A1D-CDBD2A2CF7C0}.Debug|Any CPU.Build.0 = Debug|Any CPU
		{78693DF9-9D07-4364-9A1D-CDBD2A2CF7C0}.Release|Any CPU.ActiveCfg = Release|Any CPU
		{78693DF9-9D07-4364-9A1D-CDBD2A2CF7C0}.Release|Any CPU.Build.0 = Release|Any CPU
	EndGlobalSection
	GlobalSection(SolutionProperties) = preSolution
		HideSolutionNode = FALSE
	EndGlobalSection
	GlobalSection(NestedProjects) = preSolution
		{D0E299E1-69D9-4EA1-BCAE-5A4F0DB8FBE7} = {FA0DCA09-3D3D-4102-8516-B82C233465DE}
		{C606E31B-002F-46A5-BF44-DDE41074A926} = {4EB9388A-3BE0-410C-8C7B-1AFF51ECD77F}
		{52FE122D-F620-402C-80BA-925B44261281} = {47A14F3E-7B23-4E1F-9895-07BCCF9C798F}
		{802F9DD4-518E-4903-B9CA-4D26CDBEDBD9} = {FA0DCA09-3D3D-4102-8516-B82C233465DE}
		{212CBFE2-593D-4EB4-8B5A-43E1AF261B1A} = {4EB9388A-3BE0-410C-8C7B-1AFF51ECD77F}
		{43951BF0-7811-4222-A53B-D6EBC0B3CAD2} = {79685BFF-6537-4AD1-A77A-230CAADB7569}
		{6A97C17C-D0A5-4EFF-A180-8219ED1D421B} = {FA0DCA09-3D3D-4102-8516-B82C233465DE}
		{78693DF9-9D07-4364-9A1D-CDBD2A2CF7C0} = {FA0DCA09-3D3D-4102-8516-B82C233465DE}
	EndGlobalSection
	GlobalSection(ExtensibilityGlobals) = postSolution
		SolutionGuid = {C8579A47-2918-48F3-9662-A2BD8501BA8B}
	EndGlobalSection
EndGlobal
