
Microsoft Visual Studio Solution File, Format Version 12.00
# Visual Studio Version 17
VisualStudioVersion = 17.8.34511.84
MinimumVisualStudioVersion = 10.0.40219.1
Project("{2150E333-8FDC-42A3-9474-1A3956D46DE8}") = "api", "api", "{79685BFF-6537-4AD1-A77A-230CAADB7569}"
EndProject
Project("{2150E333-8FDC-42A3-9474-1A3956D46DE8}") = "lib", "lib", "{FA0DCA09-3D3D-4102-8516-B82C233465DE}"
EndProject
Project("{2150E333-8FDC-42A3-9474-1A3956D46DE8}") = "plugin", "plugin", "{02EA681E-C7D8-13C7-8484-4AC65E1B71E8}"
EndProject
Project("{2150E333-8FDC-42A3-9474-1A3956D46DE8}") = "terminal", "terminal", "{47A14F3E-7B23-4E1F-9895-07BCCF9C798F}"
EndProject
Project("{2150E333-8FDC-42A3-9474-1A3956D46DE8}") = "test", "test", "{4EB9388A-3BE0-410C-8C7B-1AFF51ECD77F}"
EndProject
Project("{2150E333-8FDC-42A3-9474-1A3956D46DE8}") = "ui", "ui", "{5EFE4F1E-3BB1-4BB6-8A5E-81B517A5BEE5}"
EndProject
Project("{9A19103F-16F7-4668-BE54-9A1E7A4F7556}") = "Tek.Base", "lib\Tek.Base\Tek.Base.csproj", "{D0E299E1-69D9-4EA1-BCAE-5A4F0DB8FBE7}"
EndProject
Project("{9A19103F-16F7-4668-BE54-9A1E7A4F7556}") = "Tek.Base.Test", "test\Tek.Base.Test\Tek.Base.Test.csproj", "{C606E31B-002F-46A5-BF44-DDE41074A926}"
EndProject
Project("{FAE04EC0-301F-11D3-BF4B-00C04F79EFBC}") = "Tek.Base.Timeline", "lib\Tek.Base.Timeline\Tek.Base.Timeline.csproj", "{F1F85167-C149-A2F8-3D25-EBB9AF8CF1AD}"
EndProject
Project("{FAE04EC0-301F-11D3-BF4B-00C04F79EFBC}") = "Tek.Contract", "lib\Tek.Contract\Tek.Contract.csproj", "{4DD5FC35-1159-DA22-B91C-AD24CE7365D4}"
EndProject
Project("{FAE04EC0-301F-11D3-BF4B-00C04F79EFBC}") = "Tek.Contract.Test", "test\Tek.Contract.Test\Tek.Contract.Test.csproj", "{ED1D8F61-78FE-9EED-5B65-3FF9D4418552}"
EndProject
Project("{FAE04EC0-301F-11D3-BF4B-00C04F79EFBC}") = "Tek.Toolbox", "lib\Tek.Toolbox\Tek.Toolbox.csproj", "{3A8DDB31-393E-2C25-DFEA-6DD124C6768E}"
EndProject
Project("{FAE04EC0-301F-11D3-BF4B-00C04F79EFBC}") = "Tek.Toolbox.Test", "test\Tek.Toolbox.Test\Tek.Toolbox.Test.csproj", "{212CBFE2-593D-4EB4-8B5A-43E1AF261B1A}"
EndProject
Project("{FAE04EC0-301F-11D3-BF4B-00C04F79EFBC}") = "Tek.Service", "lib\Tek.Service\Tek.Service.csproj", "{87E21665-A063-6873-2CED-0704C5BB3BE4}"
EndProject
Project("{FAE04EC0-301F-11D3-BF4B-00C04F79EFBC}") = "Tek.Terminal", "terminal\Tek.Terminal\Tek.Terminal.csproj", "{52FE122D-F620-402C-80BA-925B44261281}"
EndProject
Project("{FAE04EC0-301F-11D3-BF4B-00C04F79EFBC}") = "Tek.Api", "api\Tek.Api\Tek.Api.csproj", "{43951BF0-7811-4222-A53B-D6EBC0B3CAD2}"
EndProject
Project("{FAE04EC0-301F-11D3-BF4B-00C04F79EFBC}") = "Tek.Integration.PreMailer.Api", "plugin\Tek.Integration.PreMailer.Api\Tek.Integration.PreMailer.Api.csproj", "{4625FC65-D536-9246-B64E-33B838758813}"
EndProject
Project("{FAE04EC0-301F-11D3-BF4B-00C04F79EFBC}") = "Tek.Integration.Scorm.Api", "plugin\Tek.Integration.Scorm.Api\Tek.Integration.Scorm.Api.csproj", "{38CBBB2B-C398-9526-1909-CB5237DBF470}"
EndProject
Project("{FAE04EC0-301F-11D3-BF4B-00C04F79EFBC}") = "Tek.Integration.Google", "plugin\Tek.Integration.Google\Tek.Integration.Google.csproj", "{E779A616-3051-EE07-2077-C898C1FD8E0F}"
EndProject
Global
	GlobalSection(SolutionConfigurationPlatforms) = preSolution
		Debug|Any CPU = Debug|Any CPU
		Release|Any CPU = Release|Any CPU
	EndGlobalSection
	GlobalSection(ProjectConfigurationPlatforms) = postSolution
		{D0E299E1-69D9-4EA1-BCAE-5A4F0DB8FBE7}.Debug|Any CPU.ActiveCfg = Debug|Any CPU
		{D0E299E1-69D9-4EA1-BCAE-5A4F0DB8FBE7}.Debug|Any CPU.Build.0 = Debug|Any CPU
		{D0E299E1-69D9-4EA1-BCAE-5A4F0DB8FBE7}.Release|Any CPU.ActiveCfg = Release|Any CPU
		{D0E299E1-69D9-4EA1-BCAE-5A4F0DB8FBE7}.Release|Any CPU.Build.0 = Release|Any CPU
		{C606E31B-002F-46A5-BF44-DDE41074A926}.Debug|Any CPU.ActiveCfg = Debug|Any CPU
		{C606E31B-002F-46A5-BF44-DDE41074A926}.Debug|Any CPU.Build.0 = Debug|Any CPU
		{C606E31B-002F-46A5-BF44-DDE41074A926}.Release|Any CPU.ActiveCfg = Release|Any CPU
		{C606E31B-002F-46A5-BF44-DDE41074A926}.Release|Any CPU.Build.0 = Release|Any CPU
		{F1F85167-C149-A2F8-3D25-EBB9AF8CF1AD}.Debug|Any CPU.ActiveCfg = Debug|Any CPU
		{F1F85167-C149-A2F8-3D25-EBB9AF8CF1AD}.Debug|Any CPU.Build.0 = Debug|Any CPU
		{F1F85167-C149-A2F8-3D25-EBB9AF8CF1AD}.Release|Any CPU.ActiveCfg = Release|Any CPU
		{F1F85167-C149-A2F8-3D25-EBB9AF8CF1AD}.Release|Any CPU.Build.0 = Release|Any CPU
		{4DD5FC35-1159-DA22-B91C-AD24CE7365D4}.Debug|Any CPU.ActiveCfg = Debug|Any CPU
		{4DD5FC35-1159-DA22-B91C-AD24CE7365D4}.Debug|Any CPU.Build.0 = Debug|Any CPU
		{4DD5FC35-1159-DA22-B91C-AD24CE7365D4}.Release|Any CPU.ActiveCfg = Release|Any CPU
		{4DD5FC35-1159-DA22-B91C-AD24CE7365D4}.Release|Any CPU.Build.0 = Release|Any CPU
		{ED1D8F61-78FE-9EED-5B65-3FF9D4418552}.Debug|Any CPU.ActiveCfg = Debug|Any CPU
		{ED1D8F61-78FE-9EED-5B65-3FF9D4418552}.Debug|Any CPU.Build.0 = Debug|Any CPU
		{ED1D8F61-78FE-9EED-5B65-3FF9D4418552}.Release|Any CPU.ActiveCfg = Release|Any CPU
		{ED1D8F61-78FE-9EED-5B65-3FF9D4418552}.Release|Any CPU.Build.0 = Release|Any CPU
		{3A8DDB31-393E-2C25-DFEA-6DD124C6768E}.Debug|Any CPU.ActiveCfg = Debug|Any CPU
		{3A8DDB31-393E-2C25-DFEA-6DD124C6768E}.Debug|Any CPU.Build.0 = Debug|Any CPU
		{3A8DDB31-393E-2C25-DFEA-6DD124C6768E}.Release|Any CPU.ActiveCfg = Release|Any CPU
		{3A8DDB31-393E-2C25-DFEA-6DD124C6768E}.Release|Any CPU.Build.0 = Release|Any CPU
		{212CBFE2-593D-4EB4-8B5A-43E1AF261B1A}.Debug|Any CPU.ActiveCfg = Debug|Any CPU
		{212CBFE2-593D-4EB4-8B5A-43E1AF261B1A}.Debug|Any CPU.Build.0 = Debug|Any CPU
		{212CBFE2-593D-4EB4-8B5A-43E1AF261B1A}.Release|Any CPU.ActiveCfg = Release|Any CPU
		{212CBFE2-593D-4EB4-8B5A-43E1AF261B1A}.Release|Any CPU.Build.0 = Release|Any CPU
		{87E21665-A063-6873-2CED-0704C5BB3BE4}.Debug|Any CPU.ActiveCfg = Debug|Any CPU
		{87E21665-A063-6873-2CED-0704C5BB3BE4}.Debug|Any CPU.Build.0 = Debug|Any CPU
		{87E21665-A063-6873-2CED-0704C5BB3BE4}.Release|Any CPU.ActiveCfg = Release|Any CPU
		{87E21665-A063-6873-2CED-0704C5BB3BE4}.Release|Any CPU.Build.0 = Release|Any CPU
		{52FE122D-F620-402C-80BA-925B44261281}.Debug|Any CPU.ActiveCfg = Debug|Any CPU
		{52FE122D-F620-402C-80BA-925B44261281}.Debug|Any CPU.Build.0 = Debug|Any CPU
		{52FE122D-F620-402C-80BA-925B44261281}.Release|Any CPU.ActiveCfg = Release|Any CPU
		{52FE122D-F620-402C-80BA-925B44261281}.Release|Any CPU.Build.0 = Release|Any CPU
		{43951BF0-7811-4222-A53B-D6EBC0B3CAD2}.Debug|Any CPU.ActiveCfg = Debug|Any CPU
		{43951BF0-7811-4222-A53B-D6EBC0B3CAD2}.Debug|Any CPU.Build.0 = Debug|Any CPU
		{43951BF0-7811-4222-A53B-D6EBC0B3CAD2}.Release|Any CPU.ActiveCfg = Release|Any CPU
		{43951BF0-7811-4222-A53B-D6EBC0B3CAD2}.Release|Any CPU.Build.0 = Release|Any CPU
		{4625FC65-D536-9246-B64E-33B838758813}.Debug|Any CPU.ActiveCfg = Debug|Any CPU
		{4625FC65-D536-9246-B64E-33B838758813}.Debug|Any CPU.Build.0 = Debug|Any CPU
		{4625FC65-D536-9246-B64E-33B838758813}.Release|Any CPU.ActiveCfg = Release|Any CPU
		{4625FC65-D536-9246-B64E-33B838758813}.Release|Any CPU.Build.0 = Release|Any CPU
		{38CBBB2B-C398-9526-1909-CB5237DBF470}.Debug|Any CPU.ActiveCfg = Debug|Any CPU
		{38CBBB2B-C398-9526-1909-CB5237DBF470}.Debug|Any CPU.Build.0 = Debug|Any CPU
		{38CBBB2B-C398-9526-1909-CB5237DBF470}.Release|Any CPU.ActiveCfg = Release|Any CPU
		{38CBBB2B-C398-9526-1909-CB5237DBF470}.Release|Any CPU.Build.0 = Release|Any CPU
		{E779A616-3051-EE07-2077-C898C1FD8E0F}.Debug|Any CPU.ActiveCfg = Debug|Any CPU
		{E779A616-3051-EE07-2077-C898C1FD8E0F}.Debug|Any CPU.Build.0 = Debug|Any CPU
		{E779A616-3051-EE07-2077-C898C1FD8E0F}.Release|Any CPU.ActiveCfg = Release|Any CPU
		{E779A616-3051-EE07-2077-C898C1FD8E0F}.Release|Any CPU.Build.0 = Release|Any CPU
	EndGlobalSection
	GlobalSection(SolutionProperties) = preSolution
		HideSolutionNode = FALSE
	EndGlobalSection
	GlobalSection(NestedProjects) = preSolution
		{D0E299E1-69D9-4EA1-BCAE-5A4F0DB8FBE7} = {FA0DCA09-3D3D-4102-8516-B82C233465DE}
		{C606E31B-002F-46A5-BF44-DDE41074A926} = {4EB9388A-3BE0-410C-8C7B-1AFF51ECD77F}
		{F1F85167-C149-A2F8-3D25-EBB9AF8CF1AD} = {FA0DCA09-3D3D-4102-8516-B82C233465DE}
		{4DD5FC35-1159-DA22-B91C-AD24CE7365D4} = {FA0DCA09-3D3D-4102-8516-B82C233465DE}
		{ED1D8F61-78FE-9EED-5B65-3FF9D4418552} = {4EB9388A-3BE0-410C-8C7B-1AFF51ECD77F}
		{3A8DDB31-393E-2C25-DFEA-6DD124C6768E} = {FA0DCA09-3D3D-4102-8516-B82C233465DE}
		{212CBFE2-593D-4EB4-8B5A-43E1AF261B1A} = {4EB9388A-3BE0-410C-8C7B-1AFF51ECD77F}
		{87E21665-A063-6873-2CED-0704C5BB3BE4} = {FA0DCA09-3D3D-4102-8516-B82C233465DE}
		{52FE122D-F620-402C-80BA-925B44261281} = {47A14F3E-7B23-4E1F-9895-07BCCF9C798F}
		{43951BF0-7811-4222-A53B-D6EBC0B3CAD2} = {79685BFF-6537-4AD1-A77A-230CAADB7569}
		{4625FC65-D536-9246-B64E-33B838758813} = {02EA681E-C7D8-13C7-8484-4AC65E1B71E8}
		{38CBBB2B-C398-9526-1909-CB5237DBF470} = {02EA681E-C7D8-13C7-8484-4AC65E1B71E8}
		{E779A616-3051-EE07-2077-C898C1FD8E0F} = {02EA681E-C7D8-13C7-8484-4AC65E1B71E8}
	EndGlobalSection
	GlobalSection(ExtensibilityGlobals) = postSolution
		SolutionGuid = {C8579A47-2918-48F3-9662-A2BD8501BA8B}
	EndGlobalSection
EndGlobal
