
Microsoft Visual Studio Solution File, Format Version 12.00
# Visual Studio Version 17
VisualStudioVersion = 17.8.34511.84
MinimumVisualStudioVersion = 10.0.40219.1
Project("{9A19103F-16F7-4668-BE54-9A1E7A4F7556}") = "Common.Test", "Common.Test\Common.Test.csproj", "{C606E31B-002F-46A5-BF44-DDE41074A926}"
EndProject
Project("{9A19103F-16F7-4668-BE54-9A1E7A4F7556}") = "Common", "Common\Common.csproj", "{8ED16184-FAA8-4889-BA91-20223B067C78}"
EndProject
Global
	GlobalSection(SolutionConfigurationPlatforms) = preSolution
		Debug|Any CPU = Debug|Any CPU
		Release|Any CPU = Release|Any CPU
	EndGlobalSection
	GlobalSection(ProjectConfigurationPlatforms) = postSolution
		{C606E31B-002F-46A5-BF44-DDE41074A926}.Debug|Any CPU.ActiveCfg = Debug|Any CPU
		{C606E31B-002F-46A5-BF44-DDE41074A926}.Debug|Any CPU.Build.0 = Debug|Any CPU
		{C606E31B-002F-46A5-BF44-DDE41074A926}.Release|Any CPU.ActiveCfg = Release|Any CPU
		{C606E31B-002F-46A5-BF44-DDE41074A926}.Release|Any CPU.Build.0 = Release|Any CPU
		{8ED16184-FAA8-4889-BA91-20223B067C78}.Debug|Any CPU.ActiveCfg = Debug|Any CPU
		{8ED16184-FAA8-4889-BA91-20223B067C78}.Debug|Any CPU.Build.0 = Debug|Any CPU
		{8ED16184-FAA8-4889-BA91-20223B067C78}.Release|Any CPU.ActiveCfg = Release|Any CPU
		{8ED16184-FAA8-4889-BA91-20223B067C78}.Release|Any CPU.Build.0 = Release|Any CPU
	EndGlobalSection
	GlobalSection(SolutionProperties) = preSolution
		HideSolutionNode = FALSE
	EndGlobalSection
	GlobalSection(ExtensibilityGlobals) = postSolution
		SolutionGuid = {C8579A47-2918-48F3-9662-A2BD8501BA8B}
	EndGlobalSection
EndGlobal
