
Microsoft Visual Studio Solution File, Format Version 12.00
# Visual Studio Version 17
VisualStudioVersion = 17.8.34511.84
MinimumVisualStudioVersion = 10.0.40219.1
Project("{9A19103F-16F7-4668-BE54-9A1E7A4F7556}") = "Common.Contract", "Common.Contract\Common.Contract.csproj", "{181551B9-57C3-41E9-A65F-FB5CA0E58FFB}"
EndProject
Project("{FAE04EC0-301F-11D3-BF4B-00C04F79EFBC}") = "Common.Sdk", "Common.Sdk\Common.Sdk.csproj", "{7C0F639C-5940-40BC-99DD-AD651F2F20FA}"
EndProject
Project("{9A19103F-16F7-4668-BE54-9A1E7A4F7556}") = "Common.Utility", "Common.Utility\Common.Utility.csproj", "{DD569FBC-896F-4F9E-A2FA-1B4901C00794}"
EndProject
Global
	GlobalSection(SolutionConfigurationPlatforms) = preSolution
		Debug|Any CPU = Debug|Any CPU
		Release|Any CPU = Release|Any CPU
	EndGlobalSection
	GlobalSection(ProjectConfigurationPlatforms) = postSolution
		{181551B9-57C3-41E9-A65F-FB5CA0E58FFB}.Debug|Any CPU.ActiveCfg = Debug|Any CPU
		{181551B9-57C3-41E9-A65F-FB5CA0E58FFB}.Debug|Any CPU.Build.0 = Debug|Any CPU
		{181551B9-57C3-41E9-A65F-FB5CA0E58FFB}.Release|Any CPU.ActiveCfg = Release|Any CPU
		{181551B9-57C3-41E9-A65F-FB5CA0E58FFB}.Release|Any CPU.Build.0 = Release|Any CPU
		{7C0F639C-5940-40BC-99DD-AD651F2F20FA}.Debug|Any CPU.ActiveCfg = Debug|Any CPU
		{7C0F639C-5940-40BC-99DD-AD651F2F20FA}.Debug|Any CPU.Build.0 = Debug|Any CPU
		{7C0F639C-5940-40BC-99DD-AD651F2F20FA}.Release|Any CPU.ActiveCfg = Release|Any CPU
		{7C0F639C-5940-40BC-99DD-AD651F2F20FA}.Release|Any CPU.Build.0 = Release|Any CPU
		{DD569FBC-896F-4F9E-A2FA-1B4901C00794}.Debug|Any CPU.ActiveCfg = Debug|Any CPU
		{DD569FBC-896F-4F9E-A2FA-1B4901C00794}.Debug|Any CPU.Build.0 = Debug|Any CPU
		{DD569FBC-896F-4F9E-A2FA-1B4901C00794}.Release|Any CPU.ActiveCfg = Release|Any CPU
		{DD569FBC-896F-4F9E-A2FA-1B4901C00794}.Release|Any CPU.Build.0 = Release|Any CPU
	EndGlobalSection
	GlobalSection(SolutionProperties) = preSolution
		HideSolutionNode = FALSE
	EndGlobalSection
	GlobalSection(ExtensibilityGlobals) = postSolution
		SolutionGuid = {C8579A47-2918-48F3-9662-A2BD8501BA8B}
	EndGlobalSection
EndGlobal
